golang.org/x/net v0.52.0 h1:He/TN1l0e4mmR3QqHMT2Xab3Aj3L9qjbhRm78/6jrW0=
golang.org/x/net v0.52.0/go.mod h1:R1MAz7uMZxVMualyPXb+VaqGSa3LIaUqk0eEt3w36Sw=
pgregory.net/rapid v1.2.0 h1:keKAYRcjm+e1F0oAuU5F5+YPAWcyxNNRK2wud503Gnk=
pgregory.net/rapid v1.2.0/go.mod h1:PY5XlDGj0+V1FCq0o192FdRhpKHGTRIWBgqjDBTrq04=
tangled.org/anhgelus.world/xrpc v0.3.0 h1:oxCLd9RtUXsl/2XJTl7Lv0voh/v/INnxpTyQmM64VII=
tangled.org/anhgelus.world/xrpc v0.3.0/go.mod h1:DW43uo9DKZHVN9fiH6lAYVQ+0cfSLoceo7aE5lE1jjw=
